
Microsoft Visual Studio Solution File, Format Version 12.00
# Visual Studio Version 16
VisualStudioVersion = 16.0.30011.22
MinimumVisualStudioVersion = 10.0.40219.1
Project("{9A19103F-16F7-4668-BE54-9A1E7A4F7556}") = "Favorite Music web", "Favorite Music web\Favorite Music web.csproj", "{3510D699-8823-4940-A9EA-4190FE6A8B16}"
EndProject
Global
	GlobalSection(SolutionConfigurationPlatforms) = preSolution
		Debug|Any CPU = Debug|Any CPU
		Release|Any CPU = Release|Any CPU
	EndGlobalSection
	GlobalSection(ProjectConfigurationPlatforms) = postSolution
		{3510D699-8823-4940-A9EA-4190FE6A8B16}.Debug|Any CPU.ActiveCfg = Debug|Any CPU
		{3510D699-8823-4940-A9EA-4190FE6A8B16}.Debug|Any CPU.Build.0 = Debug|Any CPU
		{3510D699-8823-4940-A9EA-4190FE6A8B16}.Release|Any CPU.ActiveCfg = Release|Any CPU
		{3510D699-8823-4940-A9EA-4190FE6A8B16}.Release|Any CPU.Build.0 = Release|Any CPU
	EndGlobalSection
	GlobalSection(SolutionProperties) = preSolution
		HideSolutionNode = FALSE
	EndGlobalSection
	GlobalSection(ExtensibilityGlobals) = postSolution
		SolutionGuid = {EA8E3FB1-465B-4F79-B4DD-3E986911AB2A}
	EndGlobalSection
EndGlobal
